// !$*UTF8*$!
{
	archiveVersion = 1;
	classes = {
	};
	objectVersion = 50;
	objects = {

/* Begin PBXBuildFile section */
		13267E3309CD4E6003802FEC /* Pods_ios_cinepediaTests.framework in Frameworks */ = {isa = PBXBuildFile; fileRef = 9D7825941F19EDECF1DC7407 /* Pods_ios_cinepediaTests.framework */; };
		BBD57AF8209E7C370016ED96 /* AppDelegate.swift in Sources */ = {isa = PBXBuildFile; fileRef = BBD57AF7209E7C370016ED96 /* AppDelegate.swift */; };
		BBD57AFD209E7C370016ED96 /* Main.storyboard in Resources */ = {isa = PBXBuildFile; fileRef = BBD57AFB209E7C370016ED96 /* Main.storyboard */; };
		BBD57B00209E7C370016ED96 /* ios_cinepedia.xcdatamodeld in Sources */ = {isa = PBXBuildFile; fileRef = BBD57AFE209E7C370016ED96 /* ios_cinepedia.xcdatamodeld */; };
		BBD57B02209E7C380016ED96 /* Assets.xcassets in Resources */ = {isa = PBXBuildFile; fileRef = BBD57B01209E7C380016ED96 /* Assets.xcassets */; };
		BBD57B05209E7C380016ED96 /* LaunchScreen.storyboard in Resources */ = {isa = PBXBuildFile; fileRef = BBD57B03209E7C380016ED96 /* LaunchScreen.storyboard */; };
		BBD57B17209E81DE0016ED96 /* MainViewController.swift in Sources */ = {isa = PBXBuildFile; fileRef = BBD57B16209E81DE0016ED96 /* MainViewController.swift */; };
		BBD57B1F209E86000016ED96 /* MoviesApiStoreTests.swift in Sources */ = {isa = PBXBuildFile; fileRef = BBD57B1E209E86000016ED96 /* MoviesApiStoreTests.swift */; };
		BBD57B28209E86A70016ED96 /* MoviesWorker.swift in Sources */ = {isa = PBXBuildFile; fileRef = BBD57B27209E86A70016ED96 /* MoviesWorker.swift */; };
		BBD57B2A209E86F60016ED96 /* MoviesStoreProtocol.swift in Sources */ = {isa = PBXBuildFile; fileRef = BBD57B29209E86F60016ED96 /* MoviesStoreProtocol.swift */; };
		BBD57B2D209E89620016ED96 /* Movie.swift in Sources */ = {isa = PBXBuildFile; fileRef = BBD57B2C209E89620016ED96 /* Movie.swift */; };
		BBD57B30209E8C320016ED96 /* MoviesApiStore.swift in Sources */ = {isa = PBXBuildFile; fileRef = BBD57B2F209E8C320016ED96 /* MoviesApiStore.swift */; };
		E8C2135DF68ACE1E7A1819C4 /* Pods_ios_cinepedia.framework in Frameworks */ = {isa = PBXBuildFile; fileRef = B098DF6C9F390B4C02277B01 /* Pods_ios_cinepedia.framework */; };
/* End PBXBuildFile section */

/* Begin PBXContainerItemProxy section */
		BBD57B21209E86000016ED96 /* PBXContainerItemProxy */ = {
			isa = PBXContainerItemProxy;
			containerPortal = BBD57AEC209E7C370016ED96 /* Project object */;
			proxyType = 1;
			remoteGlobalIDString = BBD57AF3209E7C370016ED96;
			remoteInfo = "ios-cinepedia";
		};
/* End PBXContainerItemProxy section */

/* Begin PBXFileReference section */
		0476F87234FD239883436727 /* Pods-ios-cinepediaTests.debug.xcconfig */ = {isa = PBXFileReference; includeInIndex = 1; lastKnownFileType = text.xcconfig; name = "Pods-ios-cinepediaTests.debug.xcconfig"; path = "Pods/Target Support Files/Pods-ios-cinepediaTests/Pods-ios-cinepediaTests.debug.xcconfig"; sourceTree = "<group>"; };
		320EEEA9F444D7457BCA8B39 /* Pods-ios-cinepedia.debug.xcconfig */ = {isa = PBXFileReference; includeInIndex = 1; lastKnownFileType = text.xcconfig; name = "Pods-ios-cinepedia.debug.xcconfig"; path = "Pods/Target Support Files/Pods-ios-cinepedia/Pods-ios-cinepedia.debug.xcconfig"; sourceTree = "<group>"; };
		33F9308B2B268A1B3E9E70C0 /* Pods-ios-cinepediaTests.release.xcconfig */ = {isa = PBXFileReference; includeInIndex = 1; lastKnownFileType = text.xcconfig; name = "Pods-ios-cinepediaTests.release.xcconfig"; path = "Pods/Target Support Files/Pods-ios-cinepediaTests/Pods-ios-cinepediaTests.release.xcconfig"; sourceTree = "<group>"; };
		49475C62A989D4DFA55DDB5D /* Pods-ios-cinepedia.release.xcconfig */ = {isa = PBXFileReference; includeInIndex = 1; lastKnownFileType = text.xcconfig; name = "Pods-ios-cinepedia.release.xcconfig"; path = "Pods/Target Support Files/Pods-ios-cinepedia/Pods-ios-cinepedia.release.xcconfig"; sourceTree = "<group>"; };
		9D7825941F19EDECF1DC7407 /* Pods_ios_cinepediaTests.framework */ = {isa = PBXFileReference; explicitFileType = wrapper.framework; includeInIndex = 0; path = Pods_ios_cinepediaTests.framework; sourceTree = BUILT_PRODUCTS_DIR; };
		B098DF6C9F390B4C02277B01 /* Pods_ios_cinepedia.framework */ = {isa = PBXFileReference; explicitFileType = wrapper.framework; includeInIndex = 0; path = Pods_ios_cinepedia.framework; sourceTree = BUILT_PRODUCTS_DIR; };
		BBD57AF4209E7C370016ED96 /* ios-cinepedia.app */ = {isa = PBXFileReference; explicitFileType = wrapper.application; includeInIndex = 0; path = "ios-cinepedia.app"; sourceTree = BUILT_PRODUCTS_DIR; };
		BBD57AF7209E7C370016ED96 /* AppDelegate.swift */ = {isa = PBXFileReference; lastKnownFileType = sourcecode.swift; path = AppDelegate.swift; sourceTree = "<group>"; };
		BBD57AFC209E7C370016ED96 /* Base */ = {isa = PBXFileReference; lastKnownFileType = file.storyboard; name = Base; path = Base.lproj/Main.storyboard; sourceTree = "<group>"; };
		BBD57AFF209E7C370016ED96 /* ios_cinepedia.xcdatamodel */ = {isa = PBXFileReference; lastKnownFileType = wrapper.xcdatamodel; path = ios_cinepedia.xcdatamodel; sourceTree = "<group>"; };
		BBD57B01209E7C380016ED96 /* Assets.xcassets */ = {isa = PBXFileReference; lastKnownFileType = folder.assetcatalog; path = Assets.xcassets; sourceTree = "<group>"; };
		BBD57B04209E7C380016ED96 /* Base */ = {isa = PBXFileReference; lastKnownFileType = file.storyboard; name = Base; path = Base.lproj/LaunchScreen.storyboard; sourceTree = "<group>"; };
		BBD57B06209E7C380016ED96 /* Info.plist */ = {isa = PBXFileReference; lastKnownFileType = text.plist.xml; path = Info.plist; sourceTree = "<group>"; };
		BBD57B16209E81DE0016ED96 /* MainViewController.swift */ = {isa = PBXFileReference; lastKnownFileType = sourcecode.swift; path = MainViewController.swift; sourceTree = "<group>"; };
		BBD57B1C209E86000016ED96 /* ios-cinepediaTests.xctest */ = {isa = PBXFileReference; explicitFileType = wrapper.cfbundle; includeInIndex = 0; path = "ios-cinepediaTests.xctest"; sourceTree = BUILT_PRODUCTS_DIR; };
		BBD57B1E209E86000016ED96 /* MoviesApiStoreTests.swift */ = {isa = PBXFileReference; lastKnownFileType = sourcecode.swift; path = MoviesApiStoreTests.swift; sourceTree = "<group>"; };
		BBD57B20209E86000016ED96 /* Info.plist */ = {isa = PBXFileReference; lastKnownFileType = text.plist.xml; path = Info.plist; sourceTree = "<group>"; };
		BBD57B27209E86A70016ED96 /* MoviesWorker.swift */ = {isa = PBXFileReference; lastKnownFileType = sourcecode.swift; path = MoviesWorker.swift; sourceTree = "<group>"; };
		BBD57B29209E86F60016ED96 /* MoviesStoreProtocol.swift */ = {isa = PBXFileReference; lastKnownFileType = sourcecode.swift; path = MoviesStoreProtocol.swift; sourceTree = "<group>"; };
		BBD57B2C209E89620016ED96 /* Movie.swift */ = {isa = PBXFileReference; lastKnownFileType = sourcecode.swift; path = Movie.swift; sourceTree = "<group>"; };
		BBD57B2F209E8C320016ED96 /* MoviesApiStore.swift */ = {isa = PBXFileReference; lastKnownFileType = sourcecode.swift; path = MoviesApiStore.swift; sourceTree = "<group>"; };
/* End PBXFileReference section */

/* Begin PBXFrameworksBuildPhase section */
		BBD57AF1209E7C370016ED96 /* Frameworks */ = {
			isa = PBXFrameworksBuildPhase;
			buildActionMask = 2147483647;
			files = (
				E8C2135DF68ACE1E7A1819C4 /* Pods_ios_cinepedia.framework in Frameworks */,
			);
			runOnlyForDeploymentPostprocessing = 0;
		};
		BBD57B19209E86000016ED96 /* Frameworks */ = {
			isa = PBXFrameworksBuildPhase;
			buildActionMask = 2147483647;
			files = (
				13267E3309CD4E6003802FEC /* Pods_ios_cinepediaTests.framework in Frameworks */,
			);
			runOnlyForDeploymentPostprocessing = 0;
		};
/* End PBXFrameworksBuildPhase section */

/* Begin PBXGroup section */
		187E34DFC409E4628B301E16 /* Pods */ = {
			isa = PBXGroup;
			children = (
				320EEEA9F444D7457BCA8B39 /* Pods-ios-cinepedia.debug.xcconfig */,
				49475C62A989D4DFA55DDB5D /* Pods-ios-cinepedia.release.xcconfig */,
				0476F87234FD239883436727 /* Pods-ios-cinepediaTests.debug.xcconfig */,
				33F9308B2B268A1B3E9E70C0 /* Pods-ios-cinepediaTests.release.xcconfig */,
			);
			name = Pods;
			sourceTree = "<group>";
		};
		BBD57AEB209E7C370016ED96 = {
			isa = PBXGroup;
			children = (
				BBD57AF6209E7C370016ED96 /* ios-cinepedia */,
				BBD57B1D209E86000016ED96 /* ios-cinepediaTests */,
				BBD57AF5209E7C370016ED96 /* Products */,
				187E34DFC409E4628B301E16 /* Pods */,
				C64EEEE2D035AAACF3125649 /* Frameworks */,
			);
			sourceTree = "<group>";
		};
		BBD57AF5209E7C370016ED96 /* Products */ = {
			isa = PBXGroup;
			children = (
				BBD57AF4209E7C370016ED96 /* ios-cinepedia.app */,
				BBD57B1C209E86000016ED96 /* ios-cinepediaTests.xctest */,
			);
			name = Products;
			sourceTree = "<group>";
		};
		BBD57AF6209E7C370016ED96 /* ios-cinepedia */ = {
			isa = PBXGroup;
			children = (
				BBD57B2E209E8BA50016ED96 /* Services */,
				BBD57B2B209E89540016ED96 /* Models */,
				BBD57B26209E86950016ED96 /* Workers */,
				BBD57B14209E81680016ED96 /* Scenes */,
				BBD57B10209E7DFD0016ED96 /* Resources */,
				BBD57B0F209E7DDD0016ED96 /* Supporting files */,
				BBD57AF7209E7C370016ED96 /* AppDelegate.swift */,
				BBD57AFB209E7C370016ED96 /* Main.storyboard */,
			);
			path = "ios-cinepedia";
			sourceTree = "<group>";
		};
		BBD57B0F209E7DDD0016ED96 /* Supporting files */ = {
			isa = PBXGroup;
			children = (
				BBD57B03209E7C380016ED96 /* LaunchScreen.storyboard */,
				BBD57B06209E7C380016ED96 /* Info.plist */,
			);
			path = "Supporting files";
			sourceTree = "<group>";
		};
		BBD57B10209E7DFD0016ED96 /* Resources */ = {
			isa = PBXGroup;
			children = (
				BBD57AFE209E7C370016ED96 /* ios_cinepedia.xcdatamodeld */,
				BBD57B01209E7C380016ED96 /* Assets.xcassets */,
			);
			path = Resources;
			sourceTree = "<group>";
		};
		BBD57B14209E81680016ED96 /* Scenes */ = {
			isa = PBXGroup;
			children = (
				BBD57B15209E81810016ED96 /* Home */,
			);
			path = Scenes;
			sourceTree = "<group>";
		};
		BBD57B15209E81810016ED96 /* Home */ = {
			isa = PBXGroup;
			children = (
				BBD57B16209E81DE0016ED96 /* MainViewController.swift */,
			);
			path = Home;
			sourceTree = "<group>";
		};
		BBD57B1D209E86000016ED96 /* ios-cinepediaTests */ = {
			isa = PBXGroup;
			children = (
				BBD57B1E209E86000016ED96 /* MoviesApiStoreTests.swift */,
				BBD57B20209E86000016ED96 /* Info.plist */,
			);
			path = "ios-cinepediaTests";
			sourceTree = "<group>";
		};
		BBD57B26209E86950016ED96 /* Workers */ = {
			isa = PBXGroup;
			children = (
				BBD57B27209E86A70016ED96 /* MoviesWorker.swift */,
				BBD57B29209E86F60016ED96 /* MoviesStoreProtocol.swift */,
			);
			path = Workers;
			sourceTree = "<group>";
		};
		BBD57B2B209E89540016ED96 /* Models */ = {
			isa = PBXGroup;
			children = (
				BBD57B2C209E89620016ED96 /* Movie.swift */,
			);
			path = Models;
			sourceTree = "<group>";
		};
		BBD57B2E209E8BA50016ED96 /* Services */ = {
			isa = PBXGroup;
			children = (
				BBD57B2F209E8C320016ED96 /* MoviesApiStore.swift */,
			);
			path = Services;
			sourceTree = "<group>";
		};
		C64EEEE2D035AAACF3125649 /* Frameworks */ = {
			isa = PBXGroup;
			children = (
				B098DF6C9F390B4C02277B01 /* Pods_ios_cinepedia.framework */,
				9D7825941F19EDECF1DC7407 /* Pods_ios_cinepediaTests.framework */,
			);
			name = Frameworks;
			sourceTree = "<group>";
		};
/* End PBXGroup section */

/* Begin PBXNativeTarget section */
		BBD57AF3209E7C370016ED96 /* ios-cinepedia */ = {
			isa = PBXNativeTarget;
			buildConfigurationList = BBD57B09209E7C380016ED96 /* Build configuration list for PBXNativeTarget "ios-cinepedia" */;
			buildPhases = (
				9A20724D7F0CD6647E8E46D2 /* [CP] Check Pods Manifest.lock */,
				BBD57AF0209E7C370016ED96 /* Sources */,
				BBD57AF1209E7C370016ED96 /* Frameworks */,
				BBD57AF2209E7C370016ED96 /* Resources */,
				C57BB5665B810B9EB0440D01 /* [CP] Embed Pods Frameworks */,
			);
			buildRules = (
			);
			dependencies = (
			);
			name = "ios-cinepedia";
			productName = "ios-cinepedia";
			productReference = BBD57AF4209E7C370016ED96 /* ios-cinepedia.app */;
			productType = "com.apple.product-type.application";
		};
		BBD57B1B209E86000016ED96 /* ios-cinepediaTests */ = {
			isa = PBXNativeTarget;
			buildConfigurationList = BBD57B23209E86000016ED96 /* Build configuration list for PBXNativeTarget "ios-cinepediaTests" */;
			buildPhases = (
				98BF32C29340EB888A57ED47 /* [CP] Check Pods Manifest.lock */,
				BBD57B18209E86000016ED96 /* Sources */,
				BBD57B19209E86000016ED96 /* Frameworks */,
				BBD57B1A209E86000016ED96 /* Resources */,
				32CF7768F55ABEB56DDF4587 /* [CP] Embed Pods Frameworks */,
			);
			buildRules = (
			);
			dependencies = (
				BBD57B22209E86000016ED96 /* PBXTargetDependency */,
			);
			name = "ios-cinepediaTests";
			productName = "ios-cinepediaTests";
			productReference = BBD57B1C209E86000016ED96 /* ios-cinepediaTests.xctest */;
			productType = "com.apple.product-type.bundle.unit-test";
		};
/* End PBXNativeTarget section */

/* Begin PBXProject section */
		BBD57AEC209E7C370016ED96 /* Project object */ = {
			isa = PBXProject;
			attributes = {
				LastSwiftUpdateCheck = 0930;
				LastUpgradeCheck = 0930;
				ORGANIZATIONNAME = "subash adhikari";
				TargetAttributes = {
					BBD57AF3209E7C370016ED96 = {
						CreatedOnToolsVersion = 9.3;
					};
					BBD57B1B209E86000016ED96 = {
						CreatedOnToolsVersion = 9.3;
						TestTargetID = BBD57AF3209E7C370016ED96;
					};
				};
			};
			buildConfigurationList = BBD57AEF209E7C370016ED96 /* Build configuration list for PBXProject "ios-cinepedia" */;
			compatibilityVersion = "Xcode 9.3";
			developmentRegion = en;
			hasScannedForEncodings = 0;
			knownRegions = (
				en,
				Base,
			);
			mainGroup = BBD57AEB209E7C370016ED96;
			productRefGroup = BBD57AF5209E7C370016ED96 /* Products */;
			projectDirPath = "";
			projectRoot = "";
			targets = (
				BBD57AF3209E7C370016ED96 /* ios-cinepedia */,
				BBD57B1B209E86000016ED96 /* ios-cinepediaTests */,
			);
		};
/* End PBXProject section */

/* Begin PBXResourcesBuildPhase section */
		BBD57AF2209E7C370016ED96 /* Resources */ = {
			isa = PBXResourcesBuildPhase;
			buildActionMask = 2147483647;
			files = (
				BBD57B05209E7C380016ED96 /* LaunchScreen.storyboard in Resources */,
				BBD57B02209E7C380016ED96 /* Assets.xcassets in Resources */,
				BBD57AFD209E7C370016ED96 /* Main.storyboard in Resources */,
			);
			runOnlyForDeploymentPostprocessing = 0;
		};
		BBD57B1A209E86000016ED96 /* Resources */ = {
			isa = PBXResourcesBuildPhase;
			buildActionMask = 2147483647;
			files = (
			);
			runOnlyForDeploymentPostprocessing = 0;
		};
/* End PBXResourcesBuildPhase section */

/* Begin PBXShellScriptBuildPhase section */
		32CF7768F55ABEB56DDF4587 /* [CP] Embed Pods Frameworks */ = {
			isa = PBXShellScriptBuildPhase;
			buildActionMask = 2147483647;
			files = (
			);
			inputPaths = (
				"${SRCROOT}/Pods/Target Support Files/Pods-ios-cinepediaTests/Pods-ios-cinepediaTests-frameworks.sh",
				"${BUILT_PRODUCTS_DIR}/Nimble/Nimble.framework",
				"${BUILT_PRODUCTS_DIR}/OHHTTPStubs/OHHTTPStubs.framework",
				"${BUILT_PRODUCTS_DIR}/Quick/Quick.framework",
			);
			name = "[CP] Embed Pods Frameworks";
			outputPaths = (
				"${TARGET_BUILD_DIR}/${FRAMEWORKS_FOLDER_PATH}/Nimble.framework",
				"${TARGET_BUILD_DIR}/${FRAMEWORKS_FOLDER_PATH}/OHHTTPStubs.framework",
				"${TARGET_BUILD_DIR}/${FRAMEWORKS_FOLDER_PATH}/Quick.framework",
			);
			runOnlyForDeploymentPostprocessing = 0;
			shellPath = /bin/sh;
			shellScript = "\"${SRCROOT}/Pods/Target Support Files/Pods-ios-cinepediaTests/Pods-ios-cinepediaTests-frameworks.sh\"\n";
			showEnvVarsInLog = 0;
		};
		98BF32C29340EB888A57ED47 /* [CP] Check Pods Manifest.lock */ = {
			isa = PBXShellScriptBuildPhase;
			buildActionMask = 2147483647;
			files = (
			);
			inputPaths = (
				"${PODS_PODFILE_DIR_PATH}/Podfile.lock",
				"${PODS_ROOT}/Manifest.lock",
			);
			name = "[CP] Check Pods Manifest.lock";
			outputPaths = (
				"$(DERIVED_FILE_DIR)/Pods-ios-cinepediaTests-checkManifestLockResult.txt",
			);
			runOnlyForDeploymentPostprocessing = 0;
			shellPath = /bin/sh;
			shellScript = "diff \"${PODS_PODFILE_DIR_PATH}/Podfile.lock\" \"${PODS_ROOT}/Manifest.lock\" > /dev/null\nif [ $? != 0 ] ; then\n    # print error to STDERR\n    echo \"error: The sandbox is not in sync with the Podfile.lock. Run 'pod install' or update your CocoaPods installation.\" >&2\n    exit 1\nfi\n# This output is used by Xcode 'outputs' to avoid re-running this script phase.\necho \"SUCCESS\" > \"${SCRIPT_OUTPUT_FILE_0}\"\n";
			showEnvVarsInLog = 0;
		};
		9A20724D7F0CD6647E8E46D2 /* [CP] Check Pods Manifest.lock */ = {
			isa = PBXShellScriptBuildPhase;
			buildActionMask = 2147483647;
			files = (
			);
			inputPaths = (
				"${PODS_PODFILE_DIR_PATH}/Podfile.lock",
				"${PODS_ROOT}/Manifest.lock",
			);
			name = "[CP] Check Pods Manifest.lock";
			outputPaths = (
				"$(DERIVED_FILE_DIR)/Pods-ios-cinepedia-checkManifestLockResult.txt",
			);
			runOnlyForDeploymentPostprocessing = 0;
			shellPath = /bin/sh;
			shellScript = "diff \"${PODS_PODFILE_DIR_PATH}/Podfile.lock\" \"${PODS_ROOT}/Manifest.lock\" > /dev/null\nif [ $? != 0 ] ; then\n    # print error to STDERR\n    echo \"error: The sandbox is not in sync with the Podfile.lock. Run 'pod install' or update your CocoaPods installation.\" >&2\n    exit 1\nfi\n# This output is used by Xcode 'outputs' to avoid re-running this script phase.\necho \"SUCCESS\" > \"${SCRIPT_OUTPUT_FILE_0}\"\n";
			showEnvVarsInLog = 0;
		};
		C57BB5665B810B9EB0440D01 /* [CP] Embed Pods Frameworks */ = {
			isa = PBXShellScriptBuildPhase;
			buildActionMask = 2147483647;
			files = (
			);
			inputPaths = (
				"${SRCROOT}/Pods/Target Support Files/Pods-ios-cinepedia/Pods-ios-cinepedia-frameworks.sh",
				"${BUILT_PRODUCTS_DIR}/Alamofire/Alamofire.framework",
				"${BUILT_PRODUCTS_DIR}/Moya/Moya.framework",
				"${BUILT_PRODUCTS_DIR}/Result/Result.framework",
			);
			name = "[CP] Embed Pods Frameworks";
			outputPaths = (
				"${TARGET_BUILD_DIR}/${FRAMEWORKS_FOLDER_PATH}/Alamofire.framework",
				"${TARGET_BUILD_DIR}/${FRAMEWORKS_FOLDER_PATH}/Moya.framework",
				"${TARGET_BUILD_DIR}/${FRAMEWORKS_FOLDER_PATH}/Result.framework",
			);
			runOnlyForDeploymentPostprocessing = 0;
			shellPath = /bin/sh;
			shellScript = "\"${SRCROOT}/Pods/Target Support Files/Pods-ios-cinepedia/Pods-ios-cinepedia-frameworks.sh\"\n";
			showEnvVarsInLog = 0;
		};
/* End PBXShellScriptBuildPhase section */

/* Begin PBXSourcesBuildPhase section */
		BBD57AF0209E7C370016ED96 /* Sources */ = {
			isa = PBXSourcesBuildPhase;
			buildActionMask = 2147483647;
			files = (
				BBD57B17209E81DE0016ED96 /* MainViewController.swift in Sources */,
				BBD57B2A209E86F60016ED96 /* MoviesStoreProtocol.swift in Sources */,
				BBD57B2D209E89620016ED96 /* Movie.swift in Sources */,
				BBD57B00209E7C370016ED96 /* ios_cinepedia.xcdatamodeld in Sources */,
				BBD57B28209E86A70016ED96 /* MoviesWorker.swift in Sources */,
				BBD57B30209E8C320016ED96 /* MoviesApiStore.swift in Sources */,
				BBD57AF8209E7C370016ED96 /* AppDelegate.swift in Sources */,
			);
			runOnlyForDeploymentPostprocessing = 0;
		};
		BBD57B18209E86000016ED96 /* Sources */ = {
			isa = PBXSourcesBuildPhase;
			buildActionMask = 2147483647;
			files = (
				BBD57B1F209E86000016ED96 /* MoviesApiStoreTests.swift in Sources */,
			);
			runOnlyForDeploymentPostprocessing = 0;
		};
/* End PBXSourcesBuildPhase section */

/* Begin PBXTargetDependency section */
		BBD57B22209E86000016ED96 /* PBXTargetDependency */ = {
			isa = PBXTargetDependency;
			target = BBD57AF3209E7C370016ED96 /* ios-cinepedia */;
			targetProxy = BBD57B21209E86000016ED96 /* PBXContainerItemProxy */;
		};
/* End PBXTargetDependency section */

/* Begin PBXVariantGroup section */
		BBD57AFB209E7C370016ED96 /* Main.storyboard */ = {
			isa = PBXVariantGroup;
			children = (
				BBD57AFC209E7C370016ED96 /* Base */,
			);
			name = Main.storyboard;
			sourceTree = "<group>";
		};
		BBD57B03209E7C380016ED96 /* LaunchScreen.storyboard */ = {
			isa = PBXVariantGroup;
			children = (
				BBD57B04209E7C380016ED96 /* Base */,
			);
			name = LaunchScreen.storyboard;
			sourceTree = "<group>";
		};
/* End PBXVariantGroup section */

/* Begin XCBuildConfiguration section */
		BBD57B07209E7C380016ED96 /* Debug */ = {
			isa = XCBuildConfiguration;
			buildSettings = {
				ALWAYS_SEARCH_USER_PATHS = NO;
				CLANG_ANALYZER_NONNULL = YES;
				CLANG_ANALYZER_NUMBER_OBJECT_CONVERSION = YES_AGGRESSIVE;
				CLANG_CXX_LANGUAGE_STANDARD = "gnu++14";
				CLANG_CXX_LIBRARY = "libc++";
				CLANG_ENABLE_MODULES = YES;
				CLANG_ENABLE_OBJC_ARC = YES;
				CLANG_ENABLE_OBJC_WEAK = YES;
				CLANG_WARN_BLOCK_CAPTURE_AUTORELEASING = YES;
				CLANG_WARN_BOOL_CONVERSION = YES;
				CLANG_WARN_COMMA = YES;
				CLANG_WARN_CONSTANT_CONVERSION = YES;
				CLANG_WARN_DEPRECATED_OBJC_IMPLEMENTATIONS = YES;
				CLANG_WARN_DIRECT_OBJC_ISA_USAGE = YES_ERROR;
				CLANG_WARN_DOCUMENTATION_COMMENTS = YES;
				CLANG_WARN_EMPTY_BODY = YES;
				CLANG_WARN_ENUM_CONVERSION = YES;
				CLANG_WARN_INFINITE_RECURSION = YES;
				CLANG_WARN_INT_CONVERSION = YES;
				CLANG_WARN_NON_LITERAL_NULL_CONVERSION = YES;
				CLANG_WARN_OBJC_IMPLICIT_RETAIN_SELF = YES;
				CLANG_WARN_OBJC_LITERAL_CONVERSION = YES;
				CLANG_WARN_OBJC_ROOT_CLASS = YES_ERROR;
				CLANG_WARN_RANGE_LOOP_ANALYSIS = YES;
				CLANG_WARN_STRICT_PROTOTYPES = YES;
				CLANG_WARN_SUSPICIOUS_MOVE = YES;
				CLANG_WARN_UNGUARDED_AVAILABILITY = YES_AGGRESSIVE;
				CLANG_WARN_UNREACHABLE_CODE = YES;
				CLANG_WARN__DUPLICATE_METHOD_MATCH = YES;
				CODE_SIGN_IDENTITY = "iPhone Developer";
				COPY_PHASE_STRIP = NO;
				DEBUG_INFORMATION_FORMAT = dwarf;
				ENABLE_STRICT_OBJC_MSGSEND = YES;
				ENABLE_TESTABILITY = YES;
				GCC_C_LANGUAGE_STANDARD = gnu11;
				GCC_DYNAMIC_NO_PIC = NO;
				GCC_NO_COMMON_BLOCKS = YES;
				GCC_OPTIMIZATION_LEVEL = 0;
				GCC_PREPROCESSOR_DEFINITIONS = (
					"DEBUG=1",
					"$(inherited)",
				);
				GCC_WARN_64_TO_32_BIT_CONVERSION = YES;
				GCC_WARN_ABOUT_RETURN_TYPE = YES_ERROR;
				GCC_WARN_UNDECLARED_SELECTOR = YES;
				GCC_WARN_UNINITIALIZED_AUTOS = YES_AGGRESSIVE;
				GCC_WARN_UNUSED_FUNCTION = YES;
				GCC_WARN_UNUSED_VARIABLE = YES;
				IPHONEOS_DEPLOYMENT_TARGET = 11.3;
				MTL_ENABLE_DEBUG_INFO = YES;
				ONLY_ACTIVE_ARCH = YES;
				SDKROOT = iphoneos;
				SWIFT_ACTIVE_COMPILATION_CONDITIONS = DEBUG;
				SWIFT_OPTIMIZATION_LEVEL = "-Onone";
			};
			name = Debug;
		};
		BBD57B08209E7C380016ED96 /* Release */ = {
			isa = XCBuildConfiguration;
			buildSettings = {
				ALWAYS_SEARCH_USER_PATHS = NO;
				CLANG_ANALYZER_NONNULL = YES;
				CLANG_ANALYZER_NUMBER_OBJECT_CONVERSION = YES_AGGRESSIVE;
				CLANG_CXX_LANGUAGE_STANDARD = "gnu++14";
				CLANG_CXX_LIBRARY = "libc++";
				CLANG_ENABLE_MODULES = YES;
				CLANG_ENABLE_OBJC_ARC = YES;
				CLANG_ENABLE_OBJC_WEAK = YES;
				CLANG_WARN_BLOCK_CAPTURE_AUTORELEASING = YES;
				CLANG_WARN_BOOL_CONVERSION = YES;
				CLANG_WARN_COMMA = YES;
				CLANG_WARN_CONSTANT_CONVERSION = YES;
				CLANG_WARN_DEPRECATED_OBJC_IMPLEMENTATIONS = YES;
				CLANG_WARN_DIRECT_OBJC_ISA_USAGE = YES_ERROR;
				CLANG_WARN_DOCUMENTATION_COMMENTS = YES;
				CLANG_WARN_EMPTY_BODY = YES;
				CLANG_WARN_ENUM_CONVERSION = YES;
				CLANG_WARN_INFINITE_RECURSION = YES;
				CLANG_WARN_INT_CONVERSION = YES;
				CLANG_WARN_NON_LITERAL_NULL_CONVERSION = YES;
				CLANG_WARN_OBJC_IMPLICIT_RETAIN_SELF = YES;
				CLANG_WARN_OBJC_LITERAL_CONVERSION = YES;
				CLANG_WARN_OBJC_ROOT_CLASS = YES_ERROR;
				CLANG_WARN_RANGE_LOOP_ANALYSIS = YES;
				CLANG_WARN_STRICT_PROTOTYPES = YES;
				CLANG_WARN_SUSPICIOUS_MOVE = YES;
				CLANG_WARN_UNGUARDED_AVAILABILITY = YES_AGGRESSIVE;
				CLANG_WARN_UNREACHABLE_CODE = YES;
				CLANG_WARN__DUPLICATE_METHOD_MATCH = YES;
				CODE_SIGN_IDENTITY = "iPhone Developer";
				COPY_PHASE_STRIP = NO;
				DEBUG_INFORMATION_FORMAT = "dwarf-with-dsym";
				ENABLE_NS_ASSERTIONS = NO;
				ENABLE_STRICT_OBJC_MSGSEND = YES;
				GCC_C_LANGUAGE_STANDARD = gnu11;
				GCC_NO_COMMON_BLOCKS = YES;
				GCC_WARN_64_TO_32_BIT_CONVERSION = YES;
				GCC_WARN_ABOUT_RETURN_TYPE = YES_ERROR;
				GCC_WARN_UNDECLARED_SELECTOR = YES;
				GCC_WARN_UNINITIALIZED_AUTOS = YES_AGGRESSIVE;
				GCC_WARN_UNUSED_FUNCTION = YES;
				GCC_WARN_UNUSED_VARIABLE = YES;
				IPHONEOS_DEPLOYMENT_TARGET = 11.3;
				MTL_ENABLE_DEBUG_INFO = NO;
				SDKROOT = iphoneos;
				SWIFT_COMPILATION_MODE = wholemodule;
				SWIFT_OPTIMIZATION_LEVEL = "-O";
				VALIDATE_PRODUCT = YES;
			};
			name = Release;
		};
		BBD57B0A209E7C380016ED96 /* Debug */ = {
			isa = XCBuildConfiguration;
			baseConfigurationReference = 320EEEA9F444D7457BCA8B39 /* Pods-ios-cinepedia.debug.xcconfig */;
			buildSettings = {
				ASSETCATALOG_COMPILER_APPICON_NAME = AppIcon;
				CODE_SIGN_STYLE = Automatic;
				DEVELOPMENT_TEAM = 8796DFU5N7;
				INFOPLIST_FILE = "$(SRCROOT)/ios-cinepedia/Supporting files/Info.plist";
				LD_RUNPATH_SEARCH_PATHS = (
					"$(inherited)",
					"@executable_path/Frameworks",
				);
				PRODUCT_BUNDLE_IDENTIFIER = "au.com.subash.ios-cinepedia";
				PRODUCT_NAME = "$(TARGET_NAME)";
				SWIFT_VERSION = 4.0;
				TARGETED_DEVICE_FAMILY = "1,2";
			};
			name = Debug;
		};
		BBD57B0B209E7C380016ED96 /* Release */ = {
			isa = XCBuildConfiguration;
			baseConfigurationReference = 49475C62A989D4DFA55DDB5D /* Pods-ios-cinepedia.release.xcconfig */;
			buildSettings = {
				ASSETCATALOG_COMPILER_APPICON_NAME = AppIcon;
				CODE_SIGN_STYLE = Automatic;
				DEVELOPMENT_TEAM = 8796DFU5N7;
				INFOPLIST_FILE = "$(SRCROOT)/ios-cinepedia/Supporting files/Info.plist";
				LD_RUNPATH_SEARCH_PATHS = (
					"$(inherited)",
					"@executable_path/Frameworks",
				);
				PRODUCT_BUNDLE_IDENTIFIER = "au.com.subash.ios-cinepedia";
				PRODUCT_NAME = "$(TARGET_NAME)";
				SWIFT_VERSION = 4.0;
				TARGETED_DEVICE_FAMILY = "1,2";
			};
			name = Release;
		};
		BBD57B24209E86000016ED96 /* Debug */ = {
			isa = XCBuildConfiguration;
			baseConfigurationReference = 0476F87234FD239883436727 /* Pods-ios-cinepediaTests.debug.xcconfig */;
			buildSettings = {
				BUNDLE_LOADER = "$(TEST_HOST)";
				CODE_SIGN_STYLE = Automatic;
				DEVELOPMENT_TEAM = 8796DFU5N7;
				INFOPLIST_FILE = "ios-cinepediaTests/Info.plist";
				LD_RUNPATH_SEARCH_PATHS = (
					"$(inherited)",
					"@executable_path/Frameworks",
					"@loader_path/Frameworks",
				);
				PRODUCT_BUNDLE_IDENTIFIER = "au.com.subash.ios-cinepediaTests";
				PRODUCT_NAME = "$(TARGET_NAME)";
				SWIFT_VERSION = 4.0;
				TARGETED_DEVICE_FAMILY = "1,2";
				TEST_HOST = "$(BUILT_PRODUCTS_DIR)/ios-cinepedia.app/ios-cinepedia";
			};
			name = Debug;
		};
		BBD57B25209E86000016ED96 /* Release */ = {
			isa = XCBuildConfiguration;
			baseConfigurationReference = 33F9308B2B268A1B3E9E70C0 /* Pods-ios-cinepediaTests.release.xcconfig */;
			buildSettings = {
				BUNDLE_LOADER = "$(TEST_HOST)";
				CODE_SIGN_STYLE = Automatic;
				DEVELOPMENT_TEAM = 8796DFU5N7;
				INFOPLIST_FILE = "ios-cinepediaTests/Info.plist";
				LD_RUNPATH_SEARCH_PATHS = (
					"$(inherited)",
					"@executable_path/Frameworks",
					"@loader_path/Frameworks",
				);
				PRODUCT_BUNDLE_IDENTIFIER = "au.com.subash.ios-cinepediaTests";
				PRODUCT_NAME = "$(TARGET_NAME)";
				SWIFT_VERSION = 4.0;
				TARGETED_DEVICE_FAMILY = "1,2";
				TEST_HOST = "$(BUILT_PRODUCTS_DIR)/ios-cinepedia.app/ios-cinepedia";
			};
			name = Release;
		};
/* End XCBuildConfiguration section */

/* Begin XCConfigurationList section */
		BBD57AEF209E7C370016ED96 /* Build configuration list for PBXProject "ios-cinepedia" */ = {
			isa = XCConfigurationList;
			buildConfigurations = (
				BBD57B07209E7C380016ED96 /* Debug */,
				BBD57B08209E7C380016ED96 /* Release */,
			);
			defaultConfigurationIsVisible = 0;
			defaultConfigurationName = Release;
		};
		BBD57B09209E7C380016ED96 /* Build configuration list for PBXNativeTarget "ios-cinepedia" */ = {
			isa = XCConfigurationList;
			buildConfigurations = (
				BBD57B0A209E7C380016ED96 /* Debug */,
				BBD57B0B209E7C380016ED96 /* Release */,
			);
			defaultConfigurationIsVisible = 0;
			defaultConfigurationName = Release;
		};
		BBD57B23209E86000016ED96 /* Build configuration list for PBXNativeTarget "ios-cinepediaTests" */ = {
			isa = XCConfigurationList;
			buildConfigurations = (
				BBD57B24209E86000016ED96 /* Debug */,
				BBD57B25209E86000016ED96 /* Release */,
			);
			defaultConfigurationIsVisible = 0;
			defaultConfigurationName = Release;
		};
/* End XCConfigurationList section */

/* Begin XCVersionGroup section */
		BBD57AFE209E7C370016ED96 /* ios_cinepedia.xcdatamodeld */ = {
			isa = XCVersionGroup;
			children = (
				BBD57AFF209E7C370016ED96 /* ios_cinepedia.xcdatamodel */,
			);
			currentVersion = BBD57AFF209E7C370016ED96 /* ios_cinepedia.xcdatamodel */;
			path = ios_cinepedia.xcdatamodeld;
			sourceTree = "<group>";
			versionGroupType = wrapper.xcdatamodel;
		};
/* End XCVersionGroup section */
	};
	rootObject = BBD57AEC209E7C370016ED96 /* Project object */;
}
